// !$*UTF8*$!
{
	archiveVersion = 1;
	classes = {
	};
	objectVersion = 46;
	objects = {

/* Begin PBXBuildFile section */
		1D1706AC16EA342F008920CC /* Cocoa.framework in Frameworks */ = {isa = PBXBuildFile; fileRef = 1D1706AB16EA342F008920CC /* Cocoa.framework */; };
		1D1706B616EA342F008920CC /* InfoPlist.strings in Resources */ = {isa = PBXBuildFile; fileRef = 1D1706B416EA342F008920CC /* InfoPlist.strings */; };
		1D1706B816EA342F008920CC /* main.m in Sources */ = {isa = PBXBuildFile; fileRef = 1D1706B716EA342F008920CC /* main.m */; };
		1D1706BC16EA342F008920CC /* Credits.rtf in Resources */ = {isa = PBXBuildFile; fileRef = 1D1706BA16EA342F008920CC /* Credits.rtf */; };
		1D1706BF16EA342F008920CC /* AppDelegate.m in Sources */ = {isa = PBXBuildFile; fileRef = 1D1706BE16EA342F008920CC /* AppDelegate.m */; };
		1D1706C216EA342F008920CC /* MainMenu.xib in Resources */ = {isa = PBXBuildFile; fileRef = 1D1706C016EA342F008920CC /* MainMenu.xib */; };
		1D1706CE16EA3680008920CC /* KFURLBar.m in Sources */ = {isa = PBXBuildFile; fileRef = 1D1706CD16EA3680008920CC /* KFURLBar.m */; };
		1D1706D416EAA49F008920CC /* KFURLFormatter.m in Sources */ = {isa = PBXBuildFile; fileRef = 1D1706D316EAA49F008920CC /* KFURLFormatter.m */; };
		1D200A5F17FD7FB5005B6D60 /* WebKit.framework in Frameworks */ = {isa = PBXBuildFile; fileRef = 1D200A5E17FD7FB5005B6D60 /* WebKit.framework */; };
		1D42C73117FEE309009E0EAD /* KFWebKitProgressController.m in Sources */ = {isa = PBXBuildFile; fileRef = 1D42C73017FEE309009E0EAD /* KFWebKitProgressController.m */; };
		7B6996311819533F00CAD9E2 /* Cocoa.framework in Frameworks */ = {isa = PBXBuildFile; fileRef = 1D1706AB16EA342F008920CC /* Cocoa.framework */; };
		7B6996521819536900CAD9E2 /* KFURLBar.h in Headers */ = {isa = PBXBuildFile; fileRef = 1D1706CC16EA3680008920CC /* KFURLBar.h */; settings = {ATTRIBUTES = (Public, ); }; };
		7B6996531819537300CAD9E2 /* KFWebKitProgressController.m in Sources */ = {isa = PBXBuildFile; fileRef = 1D42C73017FEE309009E0EAD /* KFWebKitProgressController.m */; };
		7B6996541819537300CAD9E2 /* KFURLBar.m in Sources */ = {isa = PBXBuildFile; fileRef = 1D1706CD16EA3680008920CC /* KFURLBar.m */; };
		7B6996551819537300CAD9E2 /* KFURLFormatter.m in Sources */ = {isa = PBXBuildFile; fileRef = 1D1706D316EAA49F008920CC /* KFURLFormatter.m */; };
		7B6996561819538000CAD9E2 /* KFURLFormatter.h in Headers */ = {isa = PBXBuildFile; fileRef = 1D1706D216EAA49F008920CC /* KFURLFormatter.h */; settings = {ATTRIBUTES = (Public, ); }; };
		7B6996571819538300CAD9E2 /* KFWebKitProgressController.h in Headers */ = {isa = PBXBuildFile; fileRef = 1D42C72F17FEE309009E0EAD /* KFWebKitProgressController.h */; settings = {ATTRIBUTES = (Public, ); }; };
/* End PBXBuildFile section */

/* Begin PBXFileReference section */
		1D1706A816EA342F008920CC /* KFURLBar.app */ = {isa = PBXFileReference; explicitFileType = wrapper.application; includeInIndex = 0; path = KFURLBar.app; sourceTree = BUILT_PRODUCTS_DIR; };
		1D1706AB16EA342F008920CC /* Cocoa.framework */ = {isa = PBXFileReference; lastKnownFileType = wrapper.framework; name = Cocoa.framework; path = System/Library/Frameworks/Cocoa.framework; sourceTree = SDKROOT; };
		1D1706AE16EA342F008920CC /* AppKit.framework */ = {isa = PBXFileReference; lastKnownFileType = wrapper.framework; name = AppKit.framework; path = System/Library/Frameworks/AppKit.framework; sourceTree = SDKROOT; };
		1D1706B016EA342F008920CC /* Foundation.framework */ = {isa = PBXFileReference; lastKnownFileType = wrapper.framework; name = Foundation.framework; path = System/Library/Frameworks/Foundation.framework; sourceTree = SDKROOT; };
		1D1706B316EA342F008920CC /* KFURLBar-Info.plist */ = {isa = PBXFileReference; lastKnownFileType = text.plist.xml; path = "KFURLBar-Info.plist"; sourceTree = "<group>"; };
		1D1706B516EA342F008920CC /* en */ = {isa = PBXFileReference; lastKnownFileType = text.plist.strings; name = en; path = en.lproj/InfoPlist.strings; sourceTree = "<group>"; };
		1D1706B716EA342F008920CC /* main.m */ = {isa = PBXFileReference; lastKnownFileType = sourcecode.c.objc; path = main.m; sourceTree = "<group>"; };
		1D1706B916EA342F008920CC /* KFURLBar-Prefix.pch */ = {isa = PBXFileReference; lastKnownFileType = sourcecode.c.h; path = "KFURLBar-Prefix.pch"; sourceTree = "<group>"; };
		1D1706BB16EA342F008920CC /* en */ = {isa = PBXFileReference; lastKnownFileType = text.rtf; name = en; path = en.lproj/Credits.rtf; sourceTree = "<group>"; };
		1D1706BD16EA342F008920CC /* AppDelegate.h */ = {isa = PBXFileReference; lastKnownFileType = sourcecode.c.h; path = AppDelegate.h; sourceTree = "<group>"; };
		1D1706BE16EA342F008920CC /* AppDelegate.m */ = {isa = PBXFileReference; lastKnownFileType = sourcecode.c.objc; path = AppDelegate.m; sourceTree = "<group>"; };
		1D1706C116EA342F008920CC /* en */ = {isa = PBXFileReference; lastKnownFileType = file.xib; name = en; path = en.lproj/MainMenu.xib; sourceTree = "<group>"; };
		1D1706CC16EA3680008920CC /* KFURLBar.h */ = {isa = PBXFileReference; fileEncoding = 4; lastKnownFileType = sourcecode.c.h; name = KFURLBar.h; path = KFURLBar/Sources/KFURLBar.h; sourceTree = "<group>"; };
		1D1706CD16EA3680008920CC /* KFURLBar.m */ = {isa = PBXFileReference; fileEncoding = 4; lastKnownFileType = sourcecode.c.objc; name = KFURLBar.m; path = KFURLBar/Sources/KFURLBar.m; sourceTree = "<group>"; };
		1D1706D216EAA49F008920CC /* KFURLFormatter.h */ = {isa = PBXFileReference; fileEncoding = 4; lastKnownFileType = sourcecode.c.h; name = KFURLFormatter.h; path = KFURLBar/Sources/KFURLFormatter.h; sourceTree = "<group>"; };
		1D1706D316EAA49F008920CC /* KFURLFormatter.m */ = {isa = PBXFileReference; fileEncoding = 4; lastKnownFileType = sourcecode.c.objc; name = KFURLFormatter.m; path = KFURLBar/Sources/KFURLFormatter.m; sourceTree = "<group>"; };
		1D200A5E17FD7FB5005B6D60 /* WebKit.framework */ = {isa = PBXFileReference; lastKnownFileType = wrapper.framework; name = WebKit.framework; path = System/Library/Frameworks/WebKit.framework; sourceTree = SDKROOT; };
		1D42C72F17FEE309009E0EAD /* KFWebKitProgressController.h */ = {isa = PBXFileReference; fileEncoding = 4; lastKnownFileType = sourcecode.c.h; name = KFWebKitProgressController.h; path = KFURLBar/KFWebKitProgressController.h; sourceTree = "<group>"; };
		1D42C73017FEE309009E0EAD /* KFWebKitProgressController.m */ = {isa = PBXFileReference; fileEncoding = 4; lastKnownFileType = sourcecode.c.objc; name = KFWebKitProgressController.m; path = KFURLBar/KFWebKitProgressController.m; sourceTree = "<group>"; };
		7B6996301819533F00CAD9E2 /* libKFURLBar.a */ = {isa = PBXFileReference; explicitFileType = archive.ar; includeInIndex = 0; path = libKFURLBar.a; sourceTree = BUILT_PRODUCTS_DIR; };
		7B6996351819533F00CAD9E2 /* KFURLBar-Prefix.pch */ = {isa = PBXFileReference; lastKnownFileType = sourcecode.c.h; path = "KFURLBar-Prefix.pch"; sourceTree = "<group>"; };
/* End PBXFileReference section */

/* Begin PBXFrameworksBuildPhase section */
		1D1706A516EA342F008920CC /* Frameworks */ = {
			isa = PBXFrameworksBuildPhase;
			buildActionMask = 2147483647;
			files = (
				1D200A5F17FD7FB5005B6D60 /* WebKit.framework in Frameworks */,
				1D1706AC16EA342F008920CC /* Cocoa.framework in Frameworks */,
			);
			runOnlyForDeploymentPostprocessing = 0;
		};
		7B69962D1819533F00CAD9E2 /* Frameworks */ = {
			isa = PBXFrameworksBuildPhase;
			buildActionMask = 2147483647;
			files = (
				7B6996311819533F00CAD9E2 /* Cocoa.framework in Frameworks */,
			);
			runOnlyForDeploymentPostprocessing = 0;
		};
/* End PBXFrameworksBuildPhase section */

/* Begin PBXGroup section */
		1D17069F16EA342F008920CC = {
			isa = PBXGroup;
			children = (
				1D42C72F17FEE309009E0EAD /* KFWebKitProgressController.h */,
				1D42C73017FEE309009E0EAD /* KFWebKitProgressController.m */,
				1D1706CC16EA3680008920CC /* KFURLBar.h */,
				1D1706CD16EA3680008920CC /* KFURLBar.m */,
				1D1706D216EAA49F008920CC /* KFURLFormatter.h */,
				1D1706D316EAA49F008920CC /* KFURLFormatter.m */,
				7B6996341819533F00CAD9E2 /* Supporting Files */,
				1D1706B116EA342F008920CC /* KFURLBarDemo */,
				1D1706A916EA342F008920CC /* Products */,
			);
			sourceTree = "<group>";
		};
		1D1706A916EA342F008920CC /* Products */ = {
			isa = PBXGroup;
			children = (
				1D1706A816EA342F008920CC /* KFURLBar.app */,
				7B6996301819533F00CAD9E2 /* libKFURLBar.a */,
			);
			name = Products;
			sourceTree = "<group>";
		};
		1D1706AA16EA342F008920CC /* Frameworks */ = {
			isa = PBXGroup;
			children = (
				1D1706AE16EA342F008920CC /* AppKit.framework */,
				1D1706B016EA342F008920CC /* Foundation.framework */,
				1D200A5E17FD7FB5005B6D60 /* WebKit.framework */,
				1D1706AB16EA342F008920CC /* Cocoa.framework */,
			);
			name = Frameworks;
			path = ..;
			sourceTree = "<group>";
		};
		1D1706B116EA342F008920CC /* KFURLBarDemo */ = {
			isa = PBXGroup;
			children = (
				1D1706BD16EA342F008920CC /* AppDelegate.h */,
				1D1706BE16EA342F008920CC /* AppDelegate.m */,
				1D1706C016EA342F008920CC /* MainMenu.xib */,
				1D1706CB16EA3680008920CC /* Sources */,
				1D1706B216EA342F008920CC /* Supporting Files */,
			);
			name = KFURLBarDemo;
			path = KFURLBar;
			sourceTree = "<group>";
		};
		1D1706B216EA342F008920CC /* Supporting Files */ = {
			isa = PBXGroup;
			children = (
				1D1706B316EA342F008920CC /* KFURLBar-Info.plist */,
				1D1706B416EA342F008920CC /* InfoPlist.strings */,
				1D1706B716EA342F008920CC /* main.m */,
				1D1706B916EA342F008920CC /* KFURLBar-Prefix.pch */,
				1D1706BA16EA342F008920CC /* Credits.rtf */,
			);
			name = "Supporting Files";
			sourceTree = "<group>";
		};
		1D1706CB16EA3680008920CC /* Sources */ = {
			isa = PBXGroup;
			children = (
			);
			path = Sources;
			sourceTree = "<group>";
		};
		7B6996341819533F00CAD9E2 /* Supporting Files */ = {
			isa = PBXGroup;
			children = (
				1D1706AA16EA342F008920CC /* Frameworks */,
				7B6996351819533F00CAD9E2 /* KFURLBar-Prefix.pch */,
			);
			name = "Supporting Files";
			path = KFURLBar;
			sourceTree = "<group>";
		};
/* End PBXGroup section */

/* Begin PBXHeadersBuildPhase section */
		7B69962E1819533F00CAD9E2 /* Headers */ = {
			isa = PBXHeadersBuildPhase;
			buildActionMask = 2147483647;
			files = (
				7B6996521819536900CAD9E2 /* KFURLBar.h in Headers */,
				7B6996561819538000CAD9E2 /* KFURLFormatter.h in Headers */,
				7B6996571819538300CAD9E2 /* KFWebKitProgressController.h in Headers */,
			);
			runOnlyForDeploymentPostprocessing = 0;
		};
/* End PBXHeadersBuildPhase section */

/* Begin PBXNativeTarget section */
		1D1706A716EA342F008920CC /* KFURLBarDemo */ = {
			isa = PBXNativeTarget;
			buildConfigurationList = 1D1706C816EA342F008920CC /* Build configuration list for PBXNativeTarget "KFURLBarDemo" */;
			buildPhases = (
				1D1706A416EA342F008920CC /* Sources */,
				1D1706A516EA342F008920CC /* Frameworks */,
				1D1706A616EA342F008920CC /* Resources */,
			);
			buildRules = (
			);
			dependencies = (
			);
			name = KFURLBarDemo;
			productName = KFURLBar;
			productReference = 1D1706A816EA342F008920CC /* KFURLBar.app */;
			productType = "com.apple.product-type.application";
		};
		7B69962F1819533F00CAD9E2 /* KFURLBar */ = {
			isa = PBXNativeTarget;
			buildConfigurationList = 7B69964C1819534000CAD9E2 /* Build configuration list for PBXNativeTarget "KFURLBar" */;
			buildPhases = (
				7B69962C1819533F00CAD9E2 /* Sources */,
				7B69962D1819533F00CAD9E2 /* Frameworks */,
				7B69962E1819533F00CAD9E2 /* Headers */,
			);
			buildRules = (
			);
			dependencies = (
			);
			name = KFURLBar;
			productName = KFURLBar;
			productReference = 7B6996301819533F00CAD9E2 /* libKFURLBar.a */;
			productType = "com.apple.product-type.library.static";
		};
/* End PBXNativeTarget section */

/* Begin PBXProject section */
		1D1706A016EA342F008920CC /* Project object */ = {
			isa = PBXProject;
			attributes = {
				LastUpgradeCheck = 0460;
				ORGANIZATIONNAME = "KF Interactive";
			};
			buildConfigurationList = 1D1706A316EA342F008920CC /* Build configuration list for PBXProject "KFURLBar" */;
			compatibilityVersion = "Xcode 3.2";
			developmentRegion = English;
			hasScannedForEncodings = 0;
			knownRegions = (
				en,
			);
			mainGroup = 1D17069F16EA342F008920CC;
			productRefGroup = 1D1706A916EA342F008920CC /* Products */;
			projectDirPath = "";
			projectRoot = "";
			targets = (
				1D1706A716EA342F008920CC /* KFURLBarDemo */,
				7B69962F1819533F00CAD9E2 /* KFURLBar */,
			);
		};
/* End PBXProject section */

/* Begin PBXResourcesBuildPhase section */
		1D1706A616EA342F008920CC /* Resources */ = {
			isa = PBXResourcesBuildPhase;
			buildActionMask = 2147483647;
			files = (
				1D1706B616EA342F008920CC /* InfoPlist.strings in Resources */,
				1D1706BC16EA342F008920CC /* Credits.rtf in Resources */,
				1D1706C216EA342F008920CC /* MainMenu.xib in Resources */,
			);
			runOnlyForDeploymentPostprocessing = 0;
		};
/* End PBXResourcesBuildPhase section */

/* Begin PBXSourcesBuildPhase section */
		1D1706A416EA342F008920CC /* Sources */ = {
			isa = PBXSourcesBuildPhase;
			buildActionMask = 2147483647;
			files = (
				1D1706B816EA342F008920CC /* main.m in Sources */,
				1D1706BF16EA342F008920CC /* AppDelegate.m in Sources */,
				1D42C73117FEE309009E0EAD /* KFWebKitProgressController.m in Sources */,
				1D1706CE16EA3680008920CC /* KFURLBar.m in Sources */,
				1D1706D416EAA49F008920CC /* KFURLFormatter.m in Sources */,
			);
			runOnlyForDeploymentPostprocessing = 0;
		};
		7B69962C1819533F00CAD9E2 /* Sources */ = {
			isa = PBXSourcesBuildPhase;
			buildActionMask = 2147483647;
			files = (
				7B6996531819537300CAD9E2 /* KFWebKitProgressController.m in Sources */,
				7B6996541819537300CAD9E2 /* KFURLBar.m in Sources */,
				7B6996551819537300CAD9E2 /* KFURLFormatter.m in Sources */,
			);
			runOnlyForDeploymentPostprocessing = 0;
		};
/* End PBXSourcesBuildPhase section */

/* Begin PBXVariantGroup section */
		1D1706B416EA342F008920CC /* InfoPlist.strings */ = {
			isa = PBXVariantGroup;
			children = (
				1D1706B516EA342F008920CC /* en */,
			);
			name = InfoPlist.strings;
			sourceTree = "<group>";
		};
		1D1706BA16EA342F008920CC /* Credits.rtf */ = {
			isa = PBXVariantGroup;
			children = (
				1D1706BB16EA342F008920CC /* en */,
			);
			name = Credits.rtf;
			sourceTree = "<group>";
		};
		1D1706C016EA342F008920CC /* MainMenu.xib */ = {
			isa = PBXVariantGroup;
			children = (
				1D1706C116EA342F008920CC /* en */,
			);
			name = MainMenu.xib;
			sourceTree = "<group>";
		};
/* End PBXVariantGroup section */

/* Begin XCBuildConfiguration section */
		1D1706C616EA342F008920CC /* Debug */ = {
			isa = XCBuildConfiguration;
			buildSettings = {
				ALWAYS_SEARCH_USER_PATHS = NO;
				ARCHS = "$(ARCHS_STANDARD_64_BIT)";
				CLANG_CXX_LANGUAGE_STANDARD = "gnu++0x";
				CLANG_CXX_LIBRARY = "libc++";
				CLANG_ENABLE_OBJC_ARC = YES;
				CLANG_WARN_CONSTANT_CONVERSION = YES;
				CLANG_WARN_EMPTY_BODY = YES;
				CLANG_WARN_ENUM_CONVERSION = YES;
				CLANG_WARN_INT_CONVERSION = YES;
				CLANG_WARN__DUPLICATE_METHOD_MATCH = YES;
				COPY_PHASE_STRIP = NO;
				GCC_C_LANGUAGE_STANDARD = gnu99;
				GCC_DYNAMIC_NO_PIC = NO;
				GCC_ENABLE_OBJC_EXCEPTIONS = YES;
				GCC_OPTIMIZATION_LEVEL = 0;
				GCC_PREPROCESSOR_DEFINITIONS = (
					"DEBUG=1",
					"$(inherited)",
				);
				GCC_SYMBOLS_PRIVATE_EXTERN = NO;
				GCC_WARN_64_TO_32_BIT_CONVERSION = YES;
				GCC_WARN_ABOUT_RETURN_TYPE = YES;
				GCC_WARN_UNINITIALIZED_AUTOS = YES;
				GCC_WARN_UNUSED_VARIABLE = YES;
				MACOSX_DEPLOYMENT_TARGET = 10.8;
				ONLY_ACTIVE_ARCH = YES;
				SDKROOT = macosx;
			};
			name = Debug;
		};
		1D1706C716EA342F008920CC /* Release */ = {
			isa = XCBuildConfiguration;
			buildSettings = {
				ALWAYS_SEARCH_USER_PATHS = NO;
				ARCHS = "$(ARCHS_STANDARD_64_BIT)";
				CLANG_CXX_LANGUAGE_STANDARD = "gnu++0x";
				CLANG_CXX_LIBRARY = "libc++";
				CLANG_ENABLE_OBJC_ARC = YES;
				CLANG_WARN_CONSTANT_CONVERSION = YES;
				CLANG_WARN_EMPTY_BODY = YES;
				CLANG_WARN_ENUM_CONVERSION = YES;
				CLANG_WARN_INT_CONVERSION = YES;
				CLANG_WARN__DUPLICATE_METHOD_MATCH = YES;
				COPY_PHASE_STRIP = YES;
				DEBUG_INFORMATION_FORMAT = "dwarf-with-dsym";
				GCC_C_LANGUAGE_STANDARD = gnu99;
				GCC_ENABLE_OBJC_EXCEPTIONS = YES;
				GCC_WARN_64_TO_32_BIT_CONVERSION = YES;
				GCC_WARN_ABOUT_RETURN_TYPE = YES;
				GCC_WARN_UNINITIALIZED_AUTOS = YES;
				GCC_WARN_UNUSED_VARIABLE = YES;
				MACOSX_DEPLOYMENT_TARGET = 10.8;
				SDKROOT = macosx;
			};
			name = Release;
		};
		1D1706C916EA342F008920CC /* Debug */ = {
			isa = XCBuildConfiguration;
			buildSettings = {
				ARCHS = "$(ARCHS_STANDARD)";
				COMBINE_HIDPI_IMAGES = YES;
				GCC_PRECOMPILE_PREFIX_HEADER = YES;
				GCC_PREFIX_HEADER = "KFURLBar/KFURLBar-Prefix.pch";
				INFOPLIST_FILE = "KFURLBar/KFURLBar-Info.plist";
				PRODUCT_NAME = "$(TARGET_NAME)";
				VALID_ARCHS = x86_64;
				WRAPPER_EXTENSION = app;
			};
			name = Debug;
		};
		1D1706CA16EA342F008920CC /* Release */ = {
			isa = XCBuildConfiguration;
			buildSettings = {
				ARCHS = "$(ARCHS_STANDARD)";
				COMBINE_HIDPI_IMAGES = YES;
				GCC_PRECOMPILE_PREFIX_HEADER = YES;
				GCC_PREFIX_HEADER = "KFURLBar/KFURLBar-Prefix.pch";
				INFOPLIST_FILE = "KFURLBar/KFURLBar-Info.plist";
				PRODUCT_NAME = "$(TARGET_NAME)";
				VALID_ARCHS = x86_64;
				WRAPPER_EXTENSION = app;
			};
			name = Release;
		};
		7B69964D1819534000CAD9E2 /* Debug */ = {
			isa = XCBuildConfiguration;
			buildSettings = {
				CLANG_WARN_BOOL_CONVERSION = YES;
				CLANG_WARN_DIRECT_OBJC_ISA_USAGE = YES_ERROR;
				CLANG_WARN_OBJC_ROOT_CLASS = YES_ERROR;
				GCC_PRECOMPILE_PREFIX_HEADER = YES;
				GCC_PREFIX_HEADER = "KFURLBar/KFURLBar-Prefix.pch";
				GCC_PREPROCESSOR_DEFINITIONS = (
					"DEBUG=1",
					"$(inherited)",
				);
				GCC_WARN_ABOUT_RETURN_TYPE = YES_ERROR;
				GCC_WARN_UNDECLARED_SELECTOR = YES;
				GCC_WARN_UNUSED_FUNCTION = YES;
				MACOSX_DEPLOYMENT_TARGET = 10.9;
				PRODUCT_NAME = "$(TARGET_NAME)";
				PUBLIC_HEADERS_FOLDER_PATH = include/$PRODUCT_NAME;
			};
			name = Debug;
		};
		7B69964E1819534000CAD9E2 /* Release */ = {
			isa = XCBuildConfiguration;
			buildSettings = {
				CLANG_WARN_BOOL_CONVERSION = YES;
				CLANG_WARN_DIRECT_OBJC_ISA_USAGE = YES_ERROR;
				CLANG_WARN_OBJC_ROOT_CLASS = YES_ERROR;
				ENABLE_NS_ASSERTIONS = NO;
				GCC_PRECOMPILE_PREFIX_HEADER = YES;
				GCC_PREFIX_HEADER = "KFURLBar/KFURLBar-Prefix.pch";
				GCC_WARN_ABOUT_RETURN_TYPE = YES_ERROR;
				GCC_WARN_UNDECLARED_SELECTOR = YES;
				GCC_WARN_UNUSED_FUNCTION = YES;
				MACOSX_DEPLOYMENT_TARGET = 10.9;
				PRODUCT_NAME = "$(TARGET_NAME)";
				PUBLIC_HEADERS_FOLDER_PATH = include/$PRODUCT_NAME;
			};
			name = Release;
		};
/* End XCBuildConfiguration section */

/* Begin XCConfigurationList section */
		1D1706A316EA342F008920CC /* Build configuration list for PBXProject "KFURLBar" */ = {
			isa = XCConfigurationList;
			buildConfigurations = (
				1D1706C616EA342F008920CC /* Debug */,
				1D1706C716EA342F008920CC /* Release */,
			);
			defaultConfigurationIsVisible = 0;
			defaultConfigurationName = Release;
		};
		1D1706C816EA342F008920CC /* Build configuration list for PBXNativeTarget "KFURLBarDemo" */ = {
			isa = XCConfigurationList;
			buildConfigurations = (
				1D1706C916EA342F008920CC /* Debug */,
				1D1706CA16EA342F008920CC /* Release */,
			);
			defaultConfigurationIsVisible = 0;
			defaultConfigurationName = Release;
		};
		7B69964C1819534000CAD9E2 /* Build configuration list for PBXNativeTarget "KFURLBar" */ = {
			isa = XCConfigurationList;
			buildConfigurations = (
				7B69964D1819534000CAD9E2 /* Debug */,
				7B69964E1819534000CAD9E2 /* Release */,
			);
			defaultConfigurationIsVisible = 0;
		};
/* End XCConfigurationList section */
	};
	rootObject = 1D1706A016EA342F008920CC /* Project object */;
}
